
Microsoft Visual Studio Solution File, Format Version 12.00
# Visual Studio 16
Project("{FAE04EC0-301F-11D3-BF4B-00C04F79EFBC}") = "Assembly-CSharp", "Assembly-CSharp.csproj", "{C1E6418F-5A0B-F1A8-EAD0-E8148A288945}"
EndProject
Project("{FAE04EC0-301F-11D3-BF4B-00C04F79EFBC}") = "Assembly-CSharp-Editor", "Assembly-CSharp-Editor.csproj", "{14AF1D4F-0C6E-0C91-1D31-E6F5104C47DC}"
EndProject
Global
	GlobalSection(SolutionConfigurationPlatforms) = preSolution
		Debug|Any CPU = Debug|Any CPU
		Release|Any CPU = Release|Any CPU
	EndGlobalSection
	GlobalSection(ProjectConfigurationPlatforms) = postSolution
		{C1E6418F-5A0B-F1A8-EAD0-E8148A288945}.Debug|Any CPU.ActiveCfg = Debug|Any CPU
		{C1E6418F-5A0B-F1A8-EAD0-E8148A288945}.Debug|Any CPU.Build.0 = Debug|Any CPU
		{C1E6418F-5A0B-F1A8-EAD0-E8148A288945}.Release|Any CPU.ActiveCfg = Release|Any CPU
		{C1E6418F-5A0B-F1A8-EAD0-E8148A288945}.Release|Any CPU.Build.0 = Release|Any CPU
		{14AF1D4F-0C6E-0C91-1D31-E6F5104C47DC}.Debug|Any CPU.ActiveCfg = Debug|Any CPU
		{14AF1D4F-0C6E-0C91-1D31-E6F5104C47DC}.Debug|Any CPU.Build.0 = Debug|Any CPU
		{14AF1D4F-0C6E-0C91-1D31-E6F5104C47DC}.Release|Any CPU.ActiveCfg = Release|Any CPU
		{14AF1D4F-0C6E-0C91-1D31-E6F5104C47DC}.Release|Any CPU.Build.0 = Release|Any CPU
	EndGlobalSection
	GlobalSection(SolutionProperties) = preSolution
		HideSolutionNode = FALSE
	EndGlobalSection
EndGlobal
